// !$*UTF8*$!
{
	archiveVersion = 1;
	classes = {
	};
	objectVersion = 46;
	objects = {

/* Begin PBXBuildFile section */
		80F3B0AF1E446D2600FA6840 /* AppDelegate.swift in Sources */ = {isa = PBXBuildFile; fileRef = 80F3B0AE1E446D2600FA6840 /* AppDelegate.swift */; };
		80F3B0B11E446D2600FA6840 /* ViewController.swift in Sources */ = {isa = PBXBuildFile; fileRef = 80F3B0B01E446D2600FA6840 /* ViewController.swift */; };
		80F3B0B41E446D2600FA6840 /* Main.storyboard in Resources */ = {isa = PBXBuildFile; fileRef = 80F3B0B21E446D2600FA6840 /* Main.storyboard */; };
		80F3B0B61E446D2600FA6840 /* Assets.xcassets in Resources */ = {isa = PBXBuildFile; fileRef = 80F3B0B51E446D2600FA6840 /* Assets.xcassets */; };
		80F3B0B91E446D2600FA6840 /* LaunchScreen.storyboard in Resources */ = {isa = PBXBuildFile; fileRef = 80F3B0B71E446D2600FA6840 /* LaunchScreen.storyboard */; };
		80F3B0DF1E446D4600FA6840 /* AsyncButton.swift in Sources */ = {isa = PBXBuildFile; fileRef = 80F3B0C11E446D4600FA6840 /* AsyncButton.swift */; };
		80F3B0E01E446D4600FA6840 /* AsyncImageView.swift in Sources */ = {isa = PBXBuildFile; fileRef = 80F3B0C21E446D4600FA6840 /* AsyncImageView.swift */; };
		80F3B0E11E446D4600FA6840 /* AutoTextView.swift in Sources */ = {isa = PBXBuildFile; fileRef = 80F3B0C31E446D4600FA6840 /* AutoTextView.swift */; };
		80F3B0E21E446D4600FA6840 /* BlurView.swift in Sources */ = {isa = PBXBuildFile; fileRef = 80F3B0C41E446D4600FA6840 /* BlurView.swift */; };
		80F3B0E31E446D4600FA6840 /* DesignableButton.swift in Sources */ = {isa = PBXBuildFile; fileRef = 80F3B0C51E446D4600FA6840 /* DesignableButton.swift */; };
		80F3B0E41E446D4600FA6840 /* DesignableImageView.swift in Sources */ = {isa = PBXBuildFile; fileRef = 80F3B0C61E446D4600FA6840 /* DesignableImageView.swift */; };
		80F3B0E51E446D4600FA6840 /* DesignableLabel.swift in Sources */ = {isa = PBXBuildFile; fileRef = 80F3B0C71E446D4600FA6840 /* DesignableLabel.swift */; };
		80F3B0E61E446D4600FA6840 /* DesignableTabBarController.swift in Sources */ = {isa = PBXBuildFile; fileRef = 80F3B0C81E446D4600FA6840 /* DesignableTabBarController.swift */; };
		80F3B0E71E446D4600FA6840 /* DesignableTextField.swift in Sources */ = {isa = PBXBuildFile; fileRef = 80F3B0C91E446D4600FA6840 /* DesignableTextField.swift */; };
		80F3B0E81E446D4600FA6840 /* DesignableTextView.swift in Sources */ = {isa = PBXBuildFile; fileRef = 80F3B0CA1E446D4600FA6840 /* DesignableTextView.swift */; };
		80F3B0E91E446D4600FA6840 /* DesignableView.swift in Sources */ = {isa = PBXBuildFile; fileRef = 80F3B0CB1E446D4600FA6840 /* DesignableView.swift */; };
		80F3B0EA1E446D4600FA6840 /* ImageLoader.swift in Sources */ = {isa = PBXBuildFile; fileRef = 80F3B0CC1E446D4600FA6840 /* ImageLoader.swift */; };
		80F3B0EB1E446D4600FA6840 /* Info.plist in Resources */ = {isa = PBXBuildFile; fileRef = 80F3B0CD1E446D4600FA6840 /* Info.plist */; };
		80F3B0EC1E446D4600FA6840 /* KeyboardLayoutConstraint.swift in Sources */ = {isa = PBXBuildFile; fileRef = 80F3B0CE1E446D4600FA6840 /* KeyboardLayoutConstraint.swift */; };
		80F3B0ED1E446D4600FA6840 /* LoadingView.swift in Sources */ = {isa = PBXBuildFile; fileRef = 80F3B0CF1E446D4600FA6840 /* LoadingView.swift */; };
		80F3B0EE1E446D4600FA6840 /* LoadingView.xib in Resources */ = {isa = PBXBuildFile; fileRef = 80F3B0D01E446D4600FA6840 /* LoadingView.xib */; };
		80F3B0EF1E446D4600FA6840 /* Misc.swift in Sources */ = {isa = PBXBuildFile; fileRef = 80F3B0D11E446D4600FA6840 /* Misc.swift */; };
		80F3B0F01E446D4600FA6840 /* SoundPlayer.swift in Sources */ = {isa = PBXBuildFile; fileRef = 80F3B0D21E446D4600FA6840 /* SoundPlayer.swift */; };
		80F3B0F11E446D4600FA6840 /* Spring.swift in Sources */ = {isa = PBXBuildFile; fileRef = 80F3B0D41E446D4600FA6840 /* Spring.swift */; };
		80F3B0F21E446D4600FA6840 /* SpringAnimation.swift in Sources */ = {isa = PBXBuildFile; fileRef = 80F3B0D51E446D4600FA6840 /* SpringAnimation.swift */; };
		80F3B0F31E446D4600FA6840 /* SpringButton.swift in Sources */ = {isa = PBXBuildFile; fileRef = 80F3B0D61E446D4600FA6840 /* SpringButton.swift */; };
		80F3B0F41E446D4600FA6840 /* SpringImageView.swift in Sources */ = {isa = PBXBuildFile; fileRef = 80F3B0D71E446D4600FA6840 /* SpringImageView.swift */; };
		80F3B0F51E446D4600FA6840 /* SpringLabel.swift in Sources */ = {isa = PBXBuildFile; fileRef = 80F3B0D81E446D4600FA6840 /* SpringLabel.swift */; };
		80F3B0F61E446D4600FA6840 /* SpringTextField.swift in Sources */ = {isa = PBXBuildFile; fileRef = 80F3B0D91E446D4600FA6840 /* SpringTextField.swift */; };
		80F3B0F71E446D4600FA6840 /* SpringTextView.swift in Sources */ = {isa = PBXBuildFile; fileRef = 80F3B0DA1E446D4600FA6840 /* SpringTextView.swift */; };
		80F3B0F81E446D4600FA6840 /* SpringView.swift in Sources */ = {isa = PBXBuildFile; fileRef = 80F3B0DB1E446D4600FA6840 /* SpringView.swift */; };
		80F3B0F91E446D4600FA6840 /* TransitionManager.swift in Sources */ = {isa = PBXBuildFile; fileRef = 80F3B0DC1E446D4600FA6840 /* TransitionManager.swift */; };
		80F3B0FA1E446D4600FA6840 /* TransitionZoom.swift in Sources */ = {isa = PBXBuildFile; fileRef = 80F3B0DD1E446D4600FA6840 /* TransitionZoom.swift */; };
		80F3B0FB1E446D4600FA6840 /* UnwindSegue.swift in Sources */ = {isa = PBXBuildFile; fileRef = 80F3B0DE1E446D4600FA6840 /* UnwindSegue.swift */; };
		80F3B0FE1E44732300FA6840 /* SpriteKit.framework in Frameworks */ = {isa = PBXBuildFile; fileRef = 80F3B0FD1E44732300FA6840 /* SpriteKit.framework */; };
/* End PBXBuildFile section */

/* Begin PBXFileReference section */
		80F3B0AB1E446D2600FA6840 /* Color.app */ = {isa = PBXFileReference; explicitFileType = wrapper.application; includeInIndex = 0; path = Color.app; sourceTree = BUILT_PRODUCTS_DIR; };
		80F3B0AE1E446D2600FA6840 /* AppDelegate.swift */ = {isa = PBXFileReference; lastKnownFileType = sourcecode.swift; path = AppDelegate.swift; sourceTree = "<group>"; };
		80F3B0B01E446D2600FA6840 /* ViewController.swift */ = {isa = PBXFileReference; lastKnownFileType = sourcecode.swift; path = ViewController.swift; sourceTree = "<group>"; };
		80F3B0B31E446D2600FA6840 /* Base */ = {isa = PBXFileReference; lastKnownFileType = file.storyboard; name = Base; path = Base.lproj/Main.storyboard; sourceTree = "<group>"; };
		80F3B0B51E446D2600FA6840 /* Assets.xcassets */ = {isa = PBXFileReference; lastKnownFileType = folder.assetcatalog; path = Assets.xcassets; sourceTree = "<group>"; };
		80F3B0B81E446D2600FA6840 /* Base */ = {isa = PBXFileReference; lastKnownFileType = file.storyboard; name = Base; path = Base.lproj/LaunchScreen.storyboard; sourceTree = "<group>"; };
		80F3B0BA1E446D2600FA6840 /* Info.plist */ = {isa = PBXFileReference; lastKnownFileType = text.plist.xml; path = Info.plist; sourceTree = "<group>"; };
		80F3B0C11E446D4600FA6840 /* AsyncButton.swift */ = {isa = PBXFileReference; fileEncoding = 4; lastKnownFileType = sourcecode.swift; path = AsyncButton.swift; sourceTree = "<group>"; };
		80F3B0C21E446D4600FA6840 /* AsyncImageView.swift */ = {isa = PBXFileReference; fileEncoding = 4; lastKnownFileType = sourcecode.swift; path = AsyncImageView.swift; sourceTree = "<group>"; };
		80F3B0C31E446D4600FA6840 /* AutoTextView.swift */ = {isa = PBXFileReference; fileEncoding = 4; lastKnownFileType = sourcecode.swift; path = AutoTextView.swift; sourceTree = "<group>"; };
		80F3B0C41E446D4600FA6840 /* BlurView.swift */ = {isa = PBXFileReference; fileEncoding = 4; lastKnownFileType = sourcecode.swift; path = BlurView.swift; sourceTree = "<group>"; };
		80F3B0C51E446D4600FA6840 /* DesignableButton.swift */ = {isa = PBXFileReference; fileEncoding = 4; lastKnownFileType = sourcecode.swift; path = DesignableButton.swift; sourceTree = "<group>"; };
		80F3B0C61E446D4600FA6840 /* DesignableImageView.swift */ = {isa = PBXFileReference; fileEncoding = 4; lastKnownFileType = sourcecode.swift; path = DesignableImageView.swift; sourceTree = "<group>"; };
		80F3B0C71E446D4600FA6840 /* DesignableLabel.swift */ = {isa = PBXFileReference; fileEncoding = 4; lastKnownFileType = sourcecode.swift; path = DesignableLabel.swift; sourceTree = "<group>"; };
		80F3B0C81E446D4600FA6840 /* DesignableTabBarController.swift */ = {isa = PBXFileReference; fileEncoding = 4; lastKnownFileType = sourcecode.swift; path = DesignableTabBarController.swift; sourceTree = "<group>"; };
		80F3B0C91E446D4600FA6840 /* DesignableTextField.swift */ = {isa = PBXFileReference; fileEncoding = 4; lastKnownFileType = sourcecode.swift; path = DesignableTextField.swift; sourceTree = "<group>"; };
		80F3B0CA1E446D4600FA6840 /* DesignableTextView.swift */ = {isa = PBXFileReference; fileEncoding = 4; lastKnownFileType = sourcecode.swift; path = DesignableTextView.swift; sourceTree = "<group>"; };
		80F3B0CB1E446D4600FA6840 /* DesignableView.swift */ = {isa = PBXFileReference; fileEncoding = 4; lastKnownFileType = sourcecode.swift; path = DesignableView.swift; sourceTree = "<group>"; };
		80F3B0CC1E446D4600FA6840 /* ImageLoader.swift */ = {isa = PBXFileReference; fileEncoding = 4; lastKnownFileType = sourcecode.swift; path = ImageLoader.swift; sourceTree = "<group>"; };
		80F3B0CD1E446D4600FA6840 /* Info.plist */ = {isa = PBXFileReference; fileEncoding = 4; lastKnownFileType = text.plist.xml; path = Info.plist; sourceTree = "<group>"; };
		80F3B0CE1E446D4600FA6840 /* KeyboardLayoutConstraint.swift */ = {isa = PBXFileReference; fileEncoding = 4; lastKnownFileType = sourcecode.swift; path = KeyboardLayoutConstraint.swift; sourceTree = "<group>"; };
		80F3B0CF1E446D4600FA6840 /* LoadingView.swift */ = {isa = PBXFileReference; fileEncoding = 4; lastKnownFileType = sourcecode.swift; path = LoadingView.swift; sourceTree = "<group>"; };
		80F3B0D01E446D4600FA6840 /* LoadingView.xib */ = {isa = PBXFileReference; fileEncoding = 4; lastKnownFileType = file.xib; path = LoadingView.xib; sourceTree = "<group>"; };
		80F3B0D11E446D4600FA6840 /* Misc.swift */ = {isa = PBXFileReference; fileEncoding = 4; lastKnownFileType = sourcecode.swift; path = Misc.swift; sourceTree = "<group>"; };
		80F3B0D21E446D4600FA6840 /* SoundPlayer.swift */ = {isa = PBXFileReference; fileEncoding = 4; lastKnownFileType = sourcecode.swift; path = SoundPlayer.swift; sourceTree = "<group>"; };
		80F3B0D31E446D4600FA6840 /* Spring.h */ = {isa = PBXFileReference; fileEncoding = 4; lastKnownFileType = sourcecode.c.h; path = Spring.h; sourceTree = "<group>"; };
		80F3B0D41E446D4600FA6840 /* Spring.swift */ = {isa = PBXFileReference; fileEncoding = 4; lastKnownFileType = sourcecode.swift; path = Spring.swift; sourceTree = "<group>"; };
		80F3B0D51E446D4600FA6840 /* SpringAnimation.swift */ = {isa = PBXFileReference; fileEncoding = 4; lastKnownFileType = sourcecode.swift; path = SpringAnimation.swift; sourceTree = "<group>"; };
		80F3B0D61E446D4600FA6840 /* SpringButton.swift */ = {isa = PBXFileReference; fileEncoding = 4; lastKnownFileType = sourcecode.swift; path = SpringButton.swift; sourceTree = "<group>"; };
		80F3B0D71E446D4600FA6840 /* SpringImageView.swift */ = {isa = PBXFileReference; fileEncoding = 4; lastKnownFileType = sourcecode.swift; path = SpringImageView.swift; sourceTree = "<group>"; };
		80F3B0D81E446D4600FA6840 /* SpringLabel.swift */ = {isa = PBXFileReference; fileEncoding = 4; lastKnownFileType = sourcecode.swift; path = SpringLabel.swift; sourceTree = "<group>"; };
		80F3B0D91E446D4600FA6840 /* SpringTextField.swift */ = {isa = PBXFileReference; fileEncoding = 4; lastKnownFileType = sourcecode.swift; path = SpringTextField.swift; sourceTree = "<group>"; };
		80F3B0DA1E446D4600FA6840 /* SpringTextView.swift */ = {isa = PBXFileReference; fileEncoding = 4; lastKnownFileType = sourcecode.swift; path = SpringTextView.swift; sourceTree = "<group>"; };
		80F3B0DB1E446D4600FA6840 /* SpringView.swift */ = {isa = PBXFileReference; fileEncoding = 4; lastKnownFileType = sourcecode.swift; path = SpringView.swift; sourceTree = "<group>"; };
		80F3B0DC1E446D4600FA6840 /* TransitionManager.swift */ = {isa = PBXFileReference; fileEncoding = 4; lastKnownFileType = sourcecode.swift; path = TransitionManager.swift; sourceTree = "<group>"; };
		80F3B0DD1E446D4600FA6840 /* TransitionZoom.swift */ = {isa = PBXFileReference; fileEncoding = 4; lastKnownFileType = sourcecode.swift; path = TransitionZoom.swift; sourceTree = "<group>"; };
		80F3B0DE1E446D4600FA6840 /* UnwindSegue.swift */ = {isa = PBXFileReference; fileEncoding = 4; lastKnownFileType = sourcecode.swift; path = UnwindSegue.swift; sourceTree = "<group>"; };
		80F3B0FD1E44732300FA6840 /* SpriteKit.framework */ = {isa = PBXFileReference; lastKnownFileType = wrapper.framework; name = SpriteKit.framework; path = System/Library/Frameworks/SpriteKit.framework; sourceTree = SDKROOT; };
/* End PBXFileReference section */

/* Begin PBXFrameworksBuildPhase section */
		80F3B0A81E446D2600FA6840 /* Frameworks */ = {
			isa = PBXFrameworksBuildPhase;
			buildActionMask = 2147483647;
			files = (
				80F3B0FE1E44732300FA6840 /* SpriteKit.framework in Frameworks */,
			);
			runOnlyForDeploymentPostprocessing = 0;
		};
/* End PBXFrameworksBuildPhase section */

/* Begin PBXGroup section */
		80F3B0A21E446D2600FA6840 = {
			isa = PBXGroup;
			children = (
				80F3B0AD1E446D2600FA6840 /* Color */,
				80F3B0AC1E446D2600FA6840 /* Products */,
				80F3B0FC1E44732300FA6840 /* Frameworks */,
			);
			sourceTree = "<group>";
		};
		80F3B0AC1E446D2600FA6840 /* Products */ = {
			isa = PBXGroup;
			children = (
				80F3B0AB1E446D2600FA6840 /* Color.app */,
			);
			name = Products;
			sourceTree = "<group>";
		};
		80F3B0AD1E446D2600FA6840 /* Color */ = {
			isa = PBXGroup;
			children = (
				80F3B0C01E446D4600FA6840 /* Spring */,
				80F3B0AE1E446D2600FA6840 /* AppDelegate.swift */,
				80F3B0B01E446D2600FA6840 /* ViewController.swift */,
				80F3B0B21E446D2600FA6840 /* Main.storyboard */,
				80F3B0B51E446D2600FA6840 /* Assets.xcassets */,
				80F3B0B71E446D2600FA6840 /* LaunchScreen.storyboard */,
				80F3B0BA1E446D2600FA6840 /* Info.plist */,
			);
			path = Color;
			sourceTree = "<group>";
		};
		80F3B0C01E446D4600FA6840 /* Spring */ = {
			isa = PBXGroup;
			children = (
				80F3B0C11E446D4600FA6840 /* AsyncButton.swift */,
				80F3B0C21E446D4600FA6840 /* AsyncImageView.swift */,
				80F3B0C31E446D4600FA6840 /* AutoTextView.swift */,
				80F3B0C41E446D4600FA6840 /* BlurView.swift */,
				80F3B0C51E446D4600FA6840 /* DesignableButton.swift */,
				80F3B0C61E446D4600FA6840 /* DesignableImageView.swift */,
				80F3B0C71E446D4600FA6840 /* DesignableLabel.swift */,
				80F3B0C81E446D4600FA6840 /* DesignableTabBarController.swift */,
				80F3B0C91E446D4600FA6840 /* DesignableTextField.swift */,
				80F3B0CA1E446D4600FA6840 /* DesignableTextView.swift */,
				80F3B0CB1E446D4600FA6840 /* DesignableView.swift */,
				80F3B0CC1E446D4600FA6840 /* ImageLoader.swift */,
				80F3B0CD1E446D4600FA6840 /* Info.plist */,
				80F3B0CE1E446D4600FA6840 /* KeyboardLayoutConstraint.swift */,
				80F3B0CF1E446D4600FA6840 /* LoadingView.swift */,
				80F3B0D01E446D4600FA6840 /* LoadingView.xib */,
				80F3B0D11E446D4600FA6840 /* Misc.swift */,
				80F3B0D21E446D4600FA6840 /* SoundPlayer.swift */,
				80F3B0D31E446D4600FA6840 /* Spring.h */,
				80F3B0D41E446D4600FA6840 /* Spring.swift */,
				80F3B0D51E446D4600FA6840 /* SpringAnimation.swift */,
				80F3B0D61E446D4600FA6840 /* SpringButton.swift */,
				80F3B0D71E446D4600FA6840 /* SpringImageView.swift */,
				80F3B0D81E446D4600FA6840 /* SpringLabel.swift */,
				80F3B0D91E446D4600FA6840 /* SpringTextField.swift */,
				80F3B0DA1E446D4600FA6840 /* SpringTextView.swift */,
				80F3B0DB1E446D4600FA6840 /* SpringView.swift */,
				80F3B0DC1E446D4600FA6840 /* TransitionManager.swift */,
				80F3B0DD1E446D4600FA6840 /* TransitionZoom.swift */,
				80F3B0DE1E446D4600FA6840 /* UnwindSegue.swift */,
			);
			path = Spring;
			sourceTree = "<group>";
		};
		80F3B0FC1E44732300FA6840 /* Frameworks */ = {
			isa = PBXGroup;
			children = (
				80F3B0FD1E44732300FA6840 /* SpriteKit.framework */,
			);
			name = Frameworks;
			sourceTree = "<group>";
		};
/* End PBXGroup section */

/* Begin PBXNativeTarget section */
		80F3B0AA1E446D2600FA6840 /* Color */ = {
			isa = PBXNativeTarget;
			buildConfigurationList = 80F3B0BD1E446D2600FA6840 /* Build configuration list for PBXNativeTarget "Color" */;
			buildPhases = (
				80F3B0A71E446D2600FA6840 /* Sources */,
				80F3B0A81E446D2600FA6840 /* Frameworks */,
				80F3B0A91E446D2600FA6840 /* Resources */,
			);
			buildRules = (
			);
			dependencies = (
			);
			name = Color;
			productName = Color;
			productReference = 80F3B0AB1E446D2600FA6840 /* Color.app */;
			productType = "com.apple.product-type.application";
		};
/* End PBXNativeTarget section */

/* Begin PBXProject section */
		80F3B0A31E446D2600FA6840 /* Project object */ = {
			isa = PBXProject;
			attributes = {
				LastSwiftUpdateCheck = 0820;
				LastUpgradeCheck = 0820;
				ORGANIZATIONNAME = erina.umino;
				TargetAttributes = {
					80F3B0AA1E446D2600FA6840 = {
						CreatedOnToolsVersion = 8.2.1;
						ProvisioningStyle = Automatic;
					};
				};
			};
			buildConfigurationList = 80F3B0A61E446D2600FA6840 /* Build configuration list for PBXProject "Color" */;
			compatibilityVersion = "Xcode 3.2";
			developmentRegion = English;
			hasScannedForEncodings = 0;
			knownRegions = (
				en,
				Base,
			);
			mainGroup = 80F3B0A21E446D2600FA6840;
			productRefGroup = 80F3B0AC1E446D2600FA6840 /* Products */;
			projectDirPath = "";
			projectRoot = "";
			targets = (
				80F3B0AA1E446D2600FA6840 /* Color */,
			);
		};
/* End PBXProject section */

/* Begin PBXResourcesBuildPhase section */
		80F3B0A91E446D2600FA6840 /* Resources */ = {
			isa = PBXResourcesBuildPhase;
			buildActionMask = 2147483647;
			files = (
				80F3B0EB1E446D4600FA6840 /* Info.plist in Resources */,
				80F3B0B91E446D2600FA6840 /* LaunchScreen.storyboard in Resources */,
				80F3B0B61E446D2600FA6840 /* Assets.xcassets in Resources */,
				80F3B0B41E446D2600FA6840 /* Main.storyboard in Resources */,
				80F3B0EE1E446D4600FA6840 /* LoadingView.xib in Resources */,
			);
			runOnlyForDeploymentPostprocessing = 0;
		};
/* End PBXResourcesBuildPhase section */

/* Begin PBXSourcesBuildPhase section */
		80F3B0A71E446D2600FA6840 /* Sources */ = {
			isa = PBXSourcesBuildPhase;
			buildActionMask = 2147483647;
			files = (
				80F3B0F51E446D4600FA6840 /* SpringLabel.swift in Sources */,
				80F3B0EA1E446D4600FA6840 /* ImageLoader.swift in Sources */,
				80F3B0EF1E446D4600FA6840 /* Misc.swift in Sources */,
				80F3B0E41E446D4600FA6840 /* DesignableImageView.swift in Sources */,
				80F3B0F41E446D4600FA6840 /* SpringImageView.swift in Sources */,
				80F3B0B11E446D2600FA6840 /* ViewController.swift in Sources */,
				80F3B0F01E446D4600FA6840 /* SoundPlayer.swift in Sources */,
				80F3B0F71E446D4600FA6840 /* SpringTextView.swift in Sources */,
				80F3B0AF1E446D2600FA6840 /* AppDelegate.swift in Sources */,
				80F3B0E91E446D4600FA6840 /* DesignableView.swift in Sources */,
				80F3B0F21E446D4600FA6840 /* SpringAnimation.swift in Sources */,
				80F3B0F11E446D4600FA6840 /* Spring.swift in Sources */,
				80F3B0ED1E446D4600FA6840 /* LoadingView.swift in Sources */,
				80F3B0F61E446D4600FA6840 /* SpringTextField.swift in Sources */,
				80F3B0E31E446D4600FA6840 /* DesignableButton.swift in Sources */,
				80F3B0E71E446D4600FA6840 /* DesignableTextField.swift in Sources */,
				80F3B0DF1E446D4600FA6840 /* AsyncButton.swift in Sources */,
				80F3B0EC1E446D4600FA6840 /* KeyboardLayoutConstraint.swift in Sources */,
				80F3B0F31E446D4600FA6840 /* SpringButton.swift in Sources */,
				80F3B0E01E446D4600FA6840 /* AsyncImageView.swift in Sources */,
				80F3B0E61E446D4600FA6840 /* DesignableTabBarController.swift in Sources */,
				80F3B0E11E446D4600FA6840 /* AutoTextView.swift in Sources */,
				80F3B0E81E446D4600FA6840 /* DesignableTextView.swift in Sources */,
				80F3B0E51E446D4600FA6840 /* DesignableLabel.swift in Sources */,
				80F3B0FB1E446D4600FA6840 /* UnwindSegue.swift in Sources */,
				80F3B0F91E446D4600FA6840 /* TransitionManager.swift in Sources */,
				80F3B0E21E446D4600FA6840 /* BlurView.swift in Sources */,
				80F3B0F81E446D4600FA6840 /* SpringView.swift in Sources */,
				80F3B0FA1E446D4600FA6840 /* TransitionZoom.swift in Sources */,
			);
			runOnlyForDeploymentPostprocessing = 0;
		};
/* End PBXSourcesBuildPhase section */

/* Begin PBXVariantGroup section */
		80F3B0B21E446D2600FA6840 /* Main.storyboard */ = {
			isa = PBXVariantGroup;
			children = (
				80F3B0B31E446D2600FA6840 /* Base */,
			);
			name = Main.storyboard;
			sourceTree = "<group>";
		};
		80F3B0B71E446D2600FA6840 /* LaunchScreen.storyboard */ = {
			isa = PBXVariantGroup;
			children = (
				80F3B0B81E446D2600FA6840 /* Base */,
			);
			name = LaunchScreen.storyboard;
			sourceTree = "<group>";
		};
/* End PBXVariantGroup section */

/* Begin XCBuildConfiguration section */
		80F3B0BB1E446D2600FA6840 /* Debug */ = {
			isa = XCBuildConfiguration;
			buildSettings = {
				ALWAYS_SEARCH_USER_PATHS = NO;
				CLANG_ANALYZER_NONNULL = YES;
				CLANG_CXX_LANGUAGE_STANDARD = "gnu++0x";
				CLANG_CXX_LIBRARY = "libc++";
				CLANG_ENABLE_MODULES = YES;
				CLANG_ENABLE_OBJC_ARC = YES;
				CLANG_WARN_BOOL_CONVERSION = YES;
				CLANG_WARN_CONSTANT_CONVERSION = YES;
				CLANG_WARN_DIRECT_OBJC_ISA_USAGE = YES_ERROR;
				CLANG_WARN_DOCUMENTATION_COMMENTS = YES;
				CLANG_WARN_EMPTY_BODY = YES;
				CLANG_WARN_ENUM_CONVERSION = YES;
				CLANG_WARN_INFINITE_RECURSION = YES;
				CLANG_WARN_INT_CONVERSION = YES;
				CLANG_WARN_OBJC_ROOT_CLASS = YES_ERROR;
				CLANG_WARN_SUSPICIOUS_MOVE = YES;
				CLANG_WARN_UNREACHABLE_CODE = YES;
				CLANG_WARN__DUPLICATE_METHOD_MATCH = YES;
				"CODE_SIGN_IDENTITY[sdk=iphoneos*]" = "iPhone Developer";
				COPY_PHASE_STRIP = NO;
				DEBUG_INFORMATION_FORMAT = dwarf;
				ENABLE_STRICT_OBJC_MSGSEND = YES;
				ENABLE_TESTABILITY = YES;
				GCC_C_LANGUAGE_STANDARD = gnu99;
				GCC_DYNAMIC_NO_PIC = NO;
				GCC_NO_COMMON_BLOCKS = YES;
				GCC_OPTIMIZATION_LEVEL = 0;
				GCC_PREPROCESSOR_DEFINITIONS = (
					"DEBUG=1",
					"$(inherited)",
				);
				GCC_WARN_64_TO_32_BIT_CONVERSION = YES;
				GCC_WARN_ABOUT_RETURN_TYPE = YES_ERROR;
				GCC_WARN_UNDECLARED_SELECTOR = YES;
				GCC_WARN_UNINITIALIZED_AUTOS = YES_AGGRESSIVE;
				GCC_WARN_UNUSED_FUNCTION = YES;
				GCC_WARN_UNUSED_VARIABLE = YES;
				IPHONEOS_DEPLOYMENT_TARGET = 10.2;
				MTL_ENABLE_DEBUG_INFO = YES;
				ONLY_ACTIVE_ARCH = YES;
				SDKROOT = iphoneos;
				SWIFT_ACTIVE_COMPILATION_CONDITIONS = DEBUG;
				SWIFT_OPTIMIZATION_LEVEL = "-Onone";
			};
			name = Debug;
		};
		80F3B0BC1E446D2600FA6840 /* Release */ = {
			isa = XCBuildConfiguration;
			buildSettings = {
				ALWAYS_SEARCH_USER_PATHS = NO;
				CLANG_ANALYZER_NONNULL = YES;
				CLANG_CXX_LANGUAGE_STANDARD = "gnu++0x";
				CLANG_CXX_LIBRARY = "libc++";
				CLANG_ENABLE_MODULES = YES;
				CLANG_ENABLE_OBJC_ARC = YES;
				CLANG_WARN_BOOL_CONVERSION = YES;
				CLANG_WARN_CONSTANT_CONVERSION = YES;
				CLANG_WARN_DIRECT_OBJC_ISA_USAGE = YES_ERROR;
				CLANG_WARN_DOCUMENTATION_COMMENTS = YES;
				CLANG_WARN_EMPTY_BODY = YES;
				CLANG_WARN_ENUM_CONVERSION = YES;
				CLANG_WARN_INFINITE_RECURSION = YES;
				CLANG_WARN_INT_CONVERSION = YES;
				CLANG_WARN_OBJC_ROOT_CLASS = YES_ERROR;
				CLANG_WARN_SUSPICIOUS_MOVE = YES;
				CLANG_WARN_UNREACHABLE_CODE = YES;
				CLANG_WARN__DUPLICATE_METHOD_MATCH = YES;
				"CODE_SIGN_IDENTITY[sdk=iphoneos*]" = "iPhone Developer";
				COPY_PHASE_STRIP = NO;
				DEBUG_INFORMATION_FORMAT = "dwarf-with-dsym";
				ENABLE_NS_ASSERTIONS = NO;
				ENABLE_STRICT_OBJC_MSGSEND = YES;
				GCC_C_LANGUAGE_STANDARD = gnu99;
				GCC_NO_COMMON_BLOCKS = YES;
				GCC_WARN_64_TO_32_BIT_CONVERSION = YES;
				GCC_WARN_ABOUT_RETURN_TYPE = YES_ERROR;
				GCC_WARN_UNDECLARED_SELECTOR = YES;
				GCC_WARN_UNINITIALIZED_AUTOS = YES_AGGRESSIVE;
				GCC_WARN_UNUSED_FUNCTION = YES;
				GCC_WARN_UNUSED_VARIABLE = YES;
				IPHONEOS_DEPLOYMENT_TARGET = 10.2;
				MTL_ENABLE_DEBUG_INFO = NO;
				SDKROOT = iphoneos;
				SWIFT_OPTIMIZATION_LEVEL = "-Owholemodule";
				VALIDATE_PRODUCT = YES;
			};
			name = Release;
		};
		80F3B0BE1E446D2600FA6840 /* Debug */ = {
			isa = XCBuildConfiguration;
			buildSettings = {
				ASSETCATALOG_COMPILER_APPICON_NAME = AppIcon;
				INFOPLIST_FILE = Color/Info.plist;
				LD_RUNPATH_SEARCH_PATHS = "$(inherited) @executable_path/Frameworks";
				PRODUCT_BUNDLE_IDENTIFIER = jp.litech.erina.umino.Color;
				PRODUCT_NAME = "$(TARGET_NAME)";
				SWIFT_VERSION = 3.0;
			};
			name = Debug;
		};
		80F3B0BF1E446D2600FA6840 /* Release */ = {
			isa = XCBuildConfiguration;
			buildSettings = {
				ASSETCATALOG_COMPILER_APPICON_NAME = AppIcon;
				INFOPLIST_FILE = Color/Info.plist;
				LD_RUNPATH_SEARCH_PATHS = "$(inherited) @executable_path/Frameworks";
				PRODUCT_BUNDLE_IDENTIFIER = jp.litech.erina.umino.Color;
				PRODUCT_NAME = "$(TARGET_NAME)";
				SWIFT_VERSION = 3.0;
			};
			name = Release;
		};
/* End XCBuildConfiguration section */

/* Begin XCConfigurationList section */
		80F3B0A61E446D2600FA6840 /* Build configuration list for PBXProject "Color" */ = {
			isa = XCConfigurationList;
			buildConfigurations = (
				80F3B0BB1E446D2600FA6840 /* Debug */,
				80F3B0BC1E446D2600FA6840 /* Release */,
			);
			defaultConfigurationIsVisible = 0;
			defaultConfigurationName = Release;
		};
		80F3B0BD1E446D2600FA6840 /* Build configuration list for PBXNativeTarget "Color" */ = {
			isa = XCConfigurationList;
			buildConfigurations = (
				80F3B0BE1E446D2600FA6840 /* Debug */,
				80F3B0BF1E446D2600FA6840 /* Release */,
			);
			defaultConfigurationIsVisible = 0;
		};
/* End XCConfigurationList section */
	};
	rootObject = 80F3B0A31E446D2600FA6840 /* Project object */;
}
